
Microsoft Visual Studio Solution File, Format Version 12.00
# Visual Studio Version 16
VisualStudioVersion = 16.0.30104.148
MinimumVisualStudioVersion = 10.0.40219.1
Project("{9A19103F-16F7-4668-BE54-9A1E7A4F7556}") = "MVC6_QAndA.DAL", "MVC6_QAndA.DAL\MVC6_QAndA.DAL.csproj", "{920E4C9A-49CC-42E7-82EC-1B756E652C88}"
EndProject
Project("{9A19103F-16F7-4668-BE54-9A1E7A4F7556}") = "MVC6_QAndA.BL", "MVC6_QAndA.BL\MVC6_QAndA.BL.csproj", "{08EC7478-627A-44AD-8E43-23156CABCD85}"
EndProject
Project("{9A19103F-16F7-4668-BE54-9A1E7A4F7556}") = "MVC6_QAndA.CC", "MVC6_QAndA.CC\MVC6_QAndA.CC.csproj", "{9E65B7A8-ED3F-43DE-93DD-9396A5FBF17D}"
EndProject
Project("{9A19103F-16F7-4668-BE54-9A1E7A4F7556}") = "MVC6_QAndA.DAL.Tests", "MVC6_QAndA.DAL.Tests\MVC6_QAndA.DAL.Tests.csproj", "{D6765701-8211-45CB-9372-5BA33DD28B87}"
	ProjectSection(ProjectDependencies) = postProject
		{920E4C9A-49CC-42E7-82EC-1B756E652C88} = {920E4C9A-49CC-42E7-82EC-1B756E652C88}
	EndProjectSection
EndProject
Project("{9A19103F-16F7-4668-BE54-9A1E7A4F7556}") = "MVC6_QAndA.BL.Tests", "MVC6_QAndA.BL.Tests\MVC6_QAndA.BL.Tests.csproj", "{082A487B-81CB-4A8E-B569-A3B833847AF1}"
EndProject
Project("{FAE04EC0-301F-11D3-BF4B-00C04F79EFBC}") = "MVC6_QAndA.WEB", "MVC6_QAndA.WEB\MVC6_QAndA.WEB.csproj", "{36E04418-E5C6-4870-AD24-701F72D11B71}"
EndProject
Global
	GlobalSection(SolutionConfigurationPlatforms) = preSolution
		Debug|Any CPU = Debug|Any CPU
		Release|Any CPU = Release|Any CPU
	EndGlobalSection
	GlobalSection(ProjectConfigurationPlatforms) = postSolution
		{920E4C9A-49CC-42E7-82EC-1B756E652C88}.Debug|Any CPU.ActiveCfg = Debug|Any CPU
		{920E4C9A-49CC-42E7-82EC-1B756E652C88}.Debug|Any CPU.Build.0 = Debug|Any CPU
		{920E4C9A-49CC-42E7-82EC-1B756E652C88}.Release|Any CPU.ActiveCfg = Release|Any CPU
		{920E4C9A-49CC-42E7-82EC-1B756E652C88}.Release|Any CPU.Build.0 = Release|Any CPU
		{08EC7478-627A-44AD-8E43-23156CABCD85}.Debug|Any CPU.ActiveCfg = Debug|Any CPU
		{08EC7478-627A-44AD-8E43-23156CABCD85}.Debug|Any CPU.Build.0 = Debug|Any CPU
		{08EC7478-627A-44AD-8E43-23156CABCD85}.Release|Any CPU.ActiveCfg = Release|Any CPU
		{08EC7478-627A-44AD-8E43-23156CABCD85}.Release|Any CPU.Build.0 = Release|Any CPU
		{9E65B7A8-ED3F-43DE-93DD-9396A5FBF17D}.Debug|Any CPU.ActiveCfg = Debug|Any CPU
		{9E65B7A8-ED3F-43DE-93DD-9396A5FBF17D}.Debug|Any CPU.Build.0 = Debug|Any CPU
		{9E65B7A8-ED3F-43DE-93DD-9396A5FBF17D}.Release|Any CPU.ActiveCfg = Release|Any CPU
		{9E65B7A8-ED3F-43DE-93DD-9396A5FBF17D}.Release|Any CPU.Build.0 = Release|Any CPU
		{D6765701-8211-45CB-9372-5BA33DD28B87}.Debug|Any CPU.ActiveCfg = Debug|Any CPU
		{D6765701-8211-45CB-9372-5BA33DD28B87}.Debug|Any CPU.Build.0 = Debug|Any CPU
		{D6765701-8211-45CB-9372-5BA33DD28B87}.Release|Any CPU.ActiveCfg = Release|Any CPU
		{D6765701-8211-45CB-9372-5BA33DD28B87}.Release|Any CPU.Build.0 = Release|Any CPU
		{082A487B-81CB-4A8E-B569-A3B833847AF1}.Debug|Any CPU.ActiveCfg = Debug|Any CPU
		{082A487B-81CB-4A8E-B569-A3B833847AF1}.Debug|Any CPU.Build.0 = Debug|Any CPU
		{082A487B-81CB-4A8E-B569-A3B833847AF1}.Release|Any CPU.ActiveCfg = Release|Any CPU
		{082A487B-81CB-4A8E-B569-A3B833847AF1}.Release|Any CPU.Build.0 = Release|Any CPU
		{36E04418-E5C6-4870-AD24-701F72D11B71}.Debug|Any CPU.ActiveCfg = Debug|Any CPU
		{36E04418-E5C6-4870-AD24-701F72D11B71}.Debug|Any CPU.Build.0 = Debug|Any CPU
		{36E04418-E5C6-4870-AD24-701F72D11B71}.Release|Any CPU.ActiveCfg = Release|Any CPU
		{36E04418-E5C6-4870-AD24-701F72D11B71}.Release|Any CPU.Build.0 = Release|Any CPU
	EndGlobalSection
	GlobalSection(SolutionProperties) = preSolution
		HideSolutionNode = FALSE
	EndGlobalSection
	GlobalSection(ExtensibilityGlobals) = postSolution
		SolutionGuid = {D359B604-236A-4A07-A22D-C1A3ACF3F802}
	EndGlobalSection
EndGlobal
